
Microsoft Visual Studio Solution File, Format Version 12.00
# Visual Studio 15
VisualStudioVersion = 15.0.28307.572
MinimumVisualStudioVersion = 10.0.40219.1
Project("{FAE04EC0-301F-11D3-BF4B-00C04F79EFBC}") = "MvcDemo", "MvcDemo\MvcDemo.csproj", "{15219C95-6F37-4FFD-BD8A-D56B5F5EB704}"
EndProject
Global
	GlobalSection(SolutionConfigurationPlatforms) = preSolution
		Debug|Any CPU = Debug|Any CPU
		Release|Any CPU = Release|Any CPU
	EndGlobalSection
	GlobalSection(ProjectConfigurationPlatforms) = postSolution
		{15219C95-6F37-4FFD-BD8A-D56B5F5EB704}.Debug|Any CPU.ActiveCfg = Debug|Any CPU
		{15219C95-6F37-4FFD-BD8A-D56B5F5EB704}.Debug|Any CPU.Build.0 = Debug|Any CPU
		{15219C95-6F37-4FFD-BD8A-D56B5F5EB704}.Release|Any CPU.ActiveCfg = Release|Any CPU
		{15219C95-6F37-4FFD-BD8A-D56B5F5EB704}.Release|Any CPU.Build.0 = Release|Any CPU
	EndGlobalSection
	GlobalSection(SolutionProperties) = preSolution
		HideSolutionNode = FALSE
	EndGlobalSection
	GlobalSection(ExtensibilityGlobals) = postSolution
		SolutionGuid = {98C6289D-3FEC-47D7-9A82-B69932899F70}
	EndGlobalSection
EndGlobal
